
Microsoft Visual Studio Solution File, Format Version 12.00
# Visual Studio Version 16
VisualStudioVersion = 16.0.29728.190
MinimumVisualStudioVersion = 10.0.40219.1
Project("{FAE04EC0-301F-11D3-BF4B-00C04F79EFBC}") = "JsonServer", "PlainJson\JsonServer.csproj", "{18F4A7E6-C48C-4A0E-BBE3-84A97EB3D037}"
EndProject
Project("{FAE04EC0-301F-11D3-BF4B-00C04F79EFBC}") = "ModelLib", "ModelLib\ModelLib.csproj", "{1F947F2F-952E-4D52-8310-B3A54B9DF53E}"
EndProject
Project("{FAE04EC0-301F-11D3-BF4B-00C04F79EFBC}") = "JsonClient", "JsonClient\JsonClient.csproj", "{7D5E3E78-EA0D-4D54-A310-E9021B4EF397}"
EndProject
Global
	GlobalSection(SolutionConfigurationPlatforms) = preSolution
		Debug|Any CPU = Debug|Any CPU
		Release|Any CPU = Release|Any CPU
	EndGlobalSection
	GlobalSection(ProjectConfigurationPlatforms) = postSolution
		{18F4A7E6-C48C-4A0E-BBE3-84A97EB3D037}.Debug|Any CPU.ActiveCfg = Debug|Any CPU
		{18F4A7E6-C48C-4A0E-BBE3-84A97EB3D037}.Debug|Any CPU.Build.0 = Debug|Any CPU
		{18F4A7E6-C48C-4A0E-BBE3-84A97EB3D037}.Release|Any CPU.ActiveCfg = Release|Any CPU
		{18F4A7E6-C48C-4A0E-BBE3-84A97EB3D037}.Release|Any CPU.Build.0 = Release|Any CPU
		{1F947F2F-952E-4D52-8310-B3A54B9DF53E}.Debug|Any CPU.ActiveCfg = Debug|Any CPU
		{1F947F2F-952E-4D52-8310-B3A54B9DF53E}.Debug|Any CPU.Build.0 = Debug|Any CPU
		{1F947F2F-952E-4D52-8310-B3A54B9DF53E}.Release|Any CPU.ActiveCfg = Release|Any CPU
		{1F947F2F-952E-4D52-8310-B3A54B9DF53E}.Release|Any CPU.Build.0 = Release|Any CPU
		{7D5E3E78-EA0D-4D54-A310-E9021B4EF397}.Debug|Any CPU.ActiveCfg = Debug|Any CPU
		{7D5E3E78-EA0D-4D54-A310-E9021B4EF397}.Debug|Any CPU.Build.0 = Debug|Any CPU
		{7D5E3E78-EA0D-4D54-A310-E9021B4EF397}.Release|Any CPU.ActiveCfg = Release|Any CPU
		{7D5E3E78-EA0D-4D54-A310-E9021B4EF397}.Release|Any CPU.Build.0 = Release|Any CPU
	EndGlobalSection
	GlobalSection(SolutionProperties) = preSolution
		HideSolutionNode = FALSE
	EndGlobalSection
	GlobalSection(ExtensibilityGlobals) = postSolution
		SolutionGuid = {E5EA9A2F-05E8-4E94-A4CC-8D0D38D38065}
	EndGlobalSection
EndGlobal
